
Microsoft Visual Studio Solution File, Format Version 12.00
# Visual Studio Version 17
VisualStudioVersion = 17.11.35208.52
MinimumVisualStudioVersion = 10.0.40219.1
Project("{2150E333-8FDC-42A3-9474-1A3956D46DE8}") = "解决方案项", "解决方案项", "{5D68FB91-CD13-4064-A2F2-99C46133E288}"
	ProjectSection(SolutionItems) = preProject
		GhostCodeNet.html = GhostCodeNet.html
	EndProjectSection
EndProject
Global
	GlobalSection(SolutionProperties) = preSolution
		HideSolutionNode = FALSE
	EndGlobalSection
	GlobalSection(ExtensibilityGlobals) = postSolution
		SolutionGuid = {AA1AC2F8-4528-4883-BD77-A960C9459AAD}
	EndGlobalSection
EndGlobal
